
Microsoft Visual Studio Solution File, Format Version 12.00
# Visual Studio Version 16
VisualStudioVersion = 16.0.30413.136
MinimumVisualStudioVersion = 10.0.40219.1
Project("{FAE04EC0-301F-11D3-BF4B-00C04F79EFBC}") = "Product Manager", "Product Manager\Product Manager.csproj", "{C12C671F-A598-4848-B736-916587D3B3A0}"
EndProject
Global
	GlobalSection(SolutionConfigurationPlatforms) = preSolution
		Debug|Any CPU = Debug|Any CPU
		Release|Any CPU = Release|Any CPU
	EndGlobalSection
	GlobalSection(ProjectConfigurationPlatforms) = postSolution
		{C12C671F-A598-4848-B736-916587D3B3A0}.Debug|Any CPU.ActiveCfg = Debug|Any CPU
		{C12C671F-A598-4848-B736-916587D3B3A0}.Debug|Any CPU.Build.0 = Debug|Any CPU
		{C12C671F-A598-4848-B736-916587D3B3A0}.Release|Any CPU.ActiveCfg = Release|Any CPU
		{C12C671F-A598-4848-B736-916587D3B3A0}.Release|Any CPU.Build.0 = Release|Any CPU
	EndGlobalSection
	GlobalSection(SolutionProperties) = preSolution
		HideSolutionNode = FALSE
	EndGlobalSection
	GlobalSection(ExtensibilityGlobals) = postSolution
		SolutionGuid = {2405C2BE-4AAB-4F28-9D5F-0BF0FCCB6CA2}
	EndGlobalSection
EndGlobal
