
Microsoft Visual Studio Solution File, Format Version 12.00
# Visual Studio Version 16
VisualStudioVersion = 16.0.30413.136
MinimumVisualStudioVersion = 10.0.40219.1
Project("{FAE04EC0-301F-11D3-BF4B-00C04F79EFBC}") = "ConsonoCrafts.WebSite", "ConsonoCrafts.WebSite\ConsonoCrafts.WebSite.csproj", "{A69822E0-4D30-4FBC-8A13-D52A489DADB6}"
EndProject
Global
	GlobalSection(SolutionConfigurationPlatforms) = preSolution
		Debug|Any CPU = Debug|Any CPU
		Release|Any CPU = Release|Any CPU
	EndGlobalSection
	GlobalSection(ProjectConfigurationPlatforms) = postSolution
		{A69822E0-4D30-4FBC-8A13-D52A489DADB6}.Debug|Any CPU.ActiveCfg = Debug|Any CPU
		{A69822E0-4D30-4FBC-8A13-D52A489DADB6}.Debug|Any CPU.Build.0 = Debug|Any CPU
		{A69822E0-4D30-4FBC-8A13-D52A489DADB6}.Release|Any CPU.ActiveCfg = Release|Any CPU
		{A69822E0-4D30-4FBC-8A13-D52A489DADB6}.Release|Any CPU.Build.0 = Release|Any CPU
	EndGlobalSection
	GlobalSection(SolutionProperties) = preSolution
		HideSolutionNode = FALSE
	EndGlobalSection
	GlobalSection(ExtensibilityGlobals) = postSolution
		SolutionGuid = {C5F051BE-875B-4820-B686-487E7D19EB47}
	EndGlobalSection
EndGlobal
