
Microsoft Visual Studio Solution File, Format Version 12.00
# Visual Studio Version 16
VisualStudioVersion = 16.0.30413.136
MinimumVisualStudioVersion = 10.0.40219.1
Project("{FAE04EC0-301F-11D3-BF4B-00C04F79EFBC}") = "ShoppingMaill", "ShoppingMaill\ShoppingMaill.csproj", "{9BF7C178-5908-480A-BF7D-B389F4E27113}"
EndProject
Global
	GlobalSection(SolutionConfigurationPlatforms) = preSolution
		Debug|Any CPU = Debug|Any CPU
		Release|Any CPU = Release|Any CPU
	EndGlobalSection
	GlobalSection(ProjectConfigurationPlatforms) = postSolution
		{9BF7C178-5908-480A-BF7D-B389F4E27113}.Debug|Any CPU.ActiveCfg = Debug|Any CPU
		{9BF7C178-5908-480A-BF7D-B389F4E27113}.Debug|Any CPU.Build.0 = Debug|Any CPU
		{9BF7C178-5908-480A-BF7D-B389F4E27113}.Release|Any CPU.ActiveCfg = Release|Any CPU
		{9BF7C178-5908-480A-BF7D-B389F4E27113}.Release|Any CPU.Build.0 = Release|Any CPU
	EndGlobalSection
	GlobalSection(SolutionProperties) = preSolution
		HideSolutionNode = FALSE
	EndGlobalSection
	GlobalSection(ExtensibilityGlobals) = postSolution
		SolutionGuid = {92367172-CE68-4DB0-9840-DB67F8EA4322}
	EndGlobalSection
EndGlobal
