
Microsoft Visual Studio Solution File, Format Version 12.00
# Visual Studio Version 16
VisualStudioVersion = 16.0.30413.136
MinimumVisualStudioVersion = 10.0.40219.1
Project("{FAE04EC0-301F-11D3-BF4B-00C04F79EFBC}") = "DrinkStores", "DrinkStores\DrinkStores.csproj", "{B1539DB7-9CFE-4635-95BB-5CE1F8135C17}"
EndProject
Global
	GlobalSection(SolutionConfigurationPlatforms) = preSolution
		Debug|Any CPU = Debug|Any CPU
		Release|Any CPU = Release|Any CPU
	EndGlobalSection
	GlobalSection(ProjectConfigurationPlatforms) = postSolution
		{B1539DB7-9CFE-4635-95BB-5CE1F8135C17}.Debug|Any CPU.ActiveCfg = Debug|Any CPU
		{B1539DB7-9CFE-4635-95BB-5CE1F8135C17}.Debug|Any CPU.Build.0 = Debug|Any CPU
		{B1539DB7-9CFE-4635-95BB-5CE1F8135C17}.Release|Any CPU.ActiveCfg = Release|Any CPU
		{B1539DB7-9CFE-4635-95BB-5CE1F8135C17}.Release|Any CPU.Build.0 = Release|Any CPU
	EndGlobalSection
	GlobalSection(SolutionProperties) = preSolution
		HideSolutionNode = FALSE
	EndGlobalSection
	GlobalSection(ExtensibilityGlobals) = postSolution
		SolutionGuid = {A8017FCB-D5DC-4F3F-B7CA-2978E3AD3B30}
	EndGlobalSection
EndGlobal
