
Microsoft Visual Studio Solution File, Format Version 12.00
# Visual Studio Version 16
VisualStudioVersion = 16.0.30413.136
MinimumVisualStudioVersion = 10.0.40219.1
Project("{9A19103F-16F7-4668-BE54-9A1E7A4F7556}") = "ConsonoCrafts.WebSite", "ConsonoCrafts.WebSite\ConsonoCrafts.WebSite.csproj", "{9629075A-5894-4AFD-A24F-8E0E04B89A3A}"
EndProject
Global
	GlobalSection(SolutionConfigurationPlatforms) = preSolution
		Debug|Any CPU = Debug|Any CPU
		Release|Any CPU = Release|Any CPU
	EndGlobalSection
	GlobalSection(ProjectConfigurationPlatforms) = postSolution
		{9629075A-5894-4AFD-A24F-8E0E04B89A3A}.Debug|Any CPU.ActiveCfg = Debug|Any CPU
		{9629075A-5894-4AFD-A24F-8E0E04B89A3A}.Debug|Any CPU.Build.0 = Debug|Any CPU
		{9629075A-5894-4AFD-A24F-8E0E04B89A3A}.Release|Any CPU.ActiveCfg = Release|Any CPU
		{9629075A-5894-4AFD-A24F-8E0E04B89A3A}.Release|Any CPU.Build.0 = Release|Any CPU
	EndGlobalSection
	GlobalSection(SolutionProperties) = preSolution
		HideSolutionNode = FALSE
	EndGlobalSection
	GlobalSection(ExtensibilityGlobals) = postSolution
		SolutionGuid = {C7C54394-28A7-4502-9B8F-6AD1859EF8F6}
	EndGlobalSection
EndGlobal
